
Microsoft Visual Studio Solution File, Format Version 12.00
# Visual Studio Version 17
VisualStudioVersion = 17.0.32014.148
MinimumVisualStudioVersion = 10.0.40219.1
Project("{9A19103F-16F7-4668-BE54-9A1E7A4F7556}") = "CoreWeb", "CoreWeb\CoreWeb.csproj", "{06563D89-B412-42CE-9D01-4F358C843151}"
EndProject
Project("{FAE04EC0-301F-11D3-BF4B-00C04F79EFBC}") = "EntityLayer", "EntityLayer\EntityLayer.csproj", "{EB1F4C63-4E13-4440-B4A5-BE053A730524}"
EndProject
Project("{FAE04EC0-301F-11D3-BF4B-00C04F79EFBC}") = "DataAxcessLayer", "DataAxcessLayer\DataAxcessLayer.csproj", "{8922516D-B9D6-4EE9-B870-3EB5191D4008}"
EndProject
Project("{FAE04EC0-301F-11D3-BF4B-00C04F79EFBC}") = "BusinessLayer", "BusinessLayer\BusinessLayer.csproj", "{A2A62A1C-62AF-44F4-8FBD-756C3EF023E8}"
EndProject
Project("{FAE04EC0-301F-11D3-BF4B-00C04F79EFBC}") = "CoreLayer", "CoreLayer\CoreLayer.csproj", "{2C343E14-5AEA-4F9C-AD51-20D6F730A3C0}"
EndProject
Global
	GlobalSection(SolutionConfigurationPlatforms) = preSolution
		Debug|Any CPU = Debug|Any CPU
		Release|Any CPU = Release|Any CPU
	EndGlobalSection
	GlobalSection(ProjectConfigurationPlatforms) = postSolution
		{06563D89-B412-42CE-9D01-4F358C843151}.Debug|Any CPU.ActiveCfg = Debug|Any CPU
		{06563D89-B412-42CE-9D01-4F358C843151}.Debug|Any CPU.Build.0 = Debug|Any CPU
		{06563D89-B412-42CE-9D01-4F358C843151}.Release|Any CPU.ActiveCfg = Release|Any CPU
		{06563D89-B412-42CE-9D01-4F358C843151}.Release|Any CPU.Build.0 = Release|Any CPU
		{EB1F4C63-4E13-4440-B4A5-BE053A730524}.Debug|Any CPU.ActiveCfg = Debug|Any CPU
		{EB1F4C63-4E13-4440-B4A5-BE053A730524}.Debug|Any CPU.Build.0 = Debug|Any CPU
		{EB1F4C63-4E13-4440-B4A5-BE053A730524}.Release|Any CPU.ActiveCfg = Release|Any CPU
		{EB1F4C63-4E13-4440-B4A5-BE053A730524}.Release|Any CPU.Build.0 = Release|Any CPU
		{8922516D-B9D6-4EE9-B870-3EB5191D4008}.Debug|Any CPU.ActiveCfg = Debug|Any CPU
		{8922516D-B9D6-4EE9-B870-3EB5191D4008}.Debug|Any CPU.Build.0 = Debug|Any CPU
		{8922516D-B9D6-4EE9-B870-3EB5191D4008}.Release|Any CPU.ActiveCfg = Release|Any CPU
		{8922516D-B9D6-4EE9-B870-3EB5191D4008}.Release|Any CPU.Build.0 = Release|Any CPU
		{A2A62A1C-62AF-44F4-8FBD-756C3EF023E8}.Debug|Any CPU.ActiveCfg = Debug|Any CPU
		{A2A62A1C-62AF-44F4-8FBD-756C3EF023E8}.Debug|Any CPU.Build.0 = Debug|Any CPU
		{A2A62A1C-62AF-44F4-8FBD-756C3EF023E8}.Release|Any CPU.ActiveCfg = Release|Any CPU
		{A2A62A1C-62AF-44F4-8FBD-756C3EF023E8}.Release|Any CPU.Build.0 = Release|Any CPU
		{2C343E14-5AEA-4F9C-AD51-20D6F730A3C0}.Debug|Any CPU.ActiveCfg = Debug|Any CPU
		{2C343E14-5AEA-4F9C-AD51-20D6F730A3C0}.Debug|Any CPU.Build.0 = Debug|Any CPU
		{2C343E14-5AEA-4F9C-AD51-20D6F730A3C0}.Release|Any CPU.ActiveCfg = Release|Any CPU
		{2C343E14-5AEA-4F9C-AD51-20D6F730A3C0}.Release|Any CPU.Build.0 = Release|Any CPU
	EndGlobalSection
	GlobalSection(SolutionProperties) = preSolution
		HideSolutionNode = FALSE
	EndGlobalSection
	GlobalSection(ExtensibilityGlobals) = postSolution
		SolutionGuid = {45B2D37A-6D79-4B4E-BDED-DB1C7E0EF983}
	EndGlobalSection
EndGlobal
